
Microsoft Visual Studio Solution File, Format Version 12.00
# Visual Studio Version 16
VisualStudioVersion = 16.0.32002.261
MinimumVisualStudioVersion = 10.0.40219.1
Project("{9A19103F-16F7-4668-BE54-9A1E7A4F7556}") = "StartBootstrap", "StartBootstrap\StartBootstrap.csproj", "{B53FE474-7326-4FE3-9FB8-6886EAD73D12}"
EndProject
Project("{FAE04EC0-301F-11D3-BF4B-00C04F79EFBC}") = "Core", "Core\Core.csproj", "{95EC3D3B-1F38-493F-A1AA-157D9EC4C362}"
EndProject
Project("{FAE04EC0-301F-11D3-BF4B-00C04F79EFBC}") = "Data", "Data\Data.csproj", "{9BC6F145-17D8-4CCB-ACF3-E08D0BE795F9}"
EndProject
Global
	GlobalSection(SolutionConfigurationPlatforms) = preSolution
		Debug|Any CPU = Debug|Any CPU
		Release|Any CPU = Release|Any CPU
	EndGlobalSection
	GlobalSection(ProjectConfigurationPlatforms) = postSolution
		{B53FE474-7326-4FE3-9FB8-6886EAD73D12}.Debug|Any CPU.ActiveCfg = Debug|Any CPU
		{B53FE474-7326-4FE3-9FB8-6886EAD73D12}.Debug|Any CPU.Build.0 = Debug|Any CPU
		{B53FE474-7326-4FE3-9FB8-6886EAD73D12}.Release|Any CPU.ActiveCfg = Release|Any CPU
		{B53FE474-7326-4FE3-9FB8-6886EAD73D12}.Release|Any CPU.Build.0 = Release|Any CPU
		{95EC3D3B-1F38-493F-A1AA-157D9EC4C362}.Debug|Any CPU.ActiveCfg = Debug|Any CPU
		{95EC3D3B-1F38-493F-A1AA-157D9EC4C362}.Debug|Any CPU.Build.0 = Debug|Any CPU
		{95EC3D3B-1F38-493F-A1AA-157D9EC4C362}.Release|Any CPU.ActiveCfg = Release|Any CPU
		{95EC3D3B-1F38-493F-A1AA-157D9EC4C362}.Release|Any CPU.Build.0 = Release|Any CPU
		{9BC6F145-17D8-4CCB-ACF3-E08D0BE795F9}.Debug|Any CPU.ActiveCfg = Debug|Any CPU
		{9BC6F145-17D8-4CCB-ACF3-E08D0BE795F9}.Debug|Any CPU.Build.0 = Debug|Any CPU
		{9BC6F145-17D8-4CCB-ACF3-E08D0BE795F9}.Release|Any CPU.ActiveCfg = Release|Any CPU
		{9BC6F145-17D8-4CCB-ACF3-E08D0BE795F9}.Release|Any CPU.Build.0 = Release|Any CPU
	EndGlobalSection
	GlobalSection(SolutionProperties) = preSolution
		HideSolutionNode = FALSE
	EndGlobalSection
	GlobalSection(ExtensibilityGlobals) = postSolution
		SolutionGuid = {27A2009B-F2D3-42C4-9202-542ACCE660ED}
	EndGlobalSection
EndGlobal
